{
  "version": "5",
  "specifiers": {
    "npm:@garmin/fitsdk@21.214.0": "21.214.0"
  },
  "npm": {
    "@garmin/fitsdk@21.214.0": {
      "integrity": "sha512-c3ydrRYD0kPnX8USl+JEyJ9smhol3/JRxcU9QVZUvmb7ZBoGwhsqCAe7wXhwMJnMba97x4x+9J/yXr6WYUVaYQ=="
    }
  },
  "workspace": {
    "dependencies": [
      "npm:@garmin/fitsdk@21.214.0"
    ]
  }
}
